<?xml version="1.0" encoding="utf-8"?>
<Project ToolsVersion="4.0" xmlns="http://schemas.microsoft.com/developer/msbuild/2003">
  <ItemGroup>
    <Filter Include="src">
      <UniqueIdentifier>{4e55ea56-1d81-44c1-9068-13f7555ee5da}</UniqueIdentifier>
    </Filter>
    <Filter Include="src\valhalla">
      <UniqueIdentifier>{edc14608-6dd1-4f3f-8fc6-71de62b6fc8e}</UniqueIdentifier>
    </Filter>
  </ItemGroup>
  <ItemGroup>
    <ClCompile Include="src\main.cpp">
      <Filter>src</Filter>
    </ClCompile>
    <ClCompile Include="src\valhalla\Display.cpp">
      <Filter>src\valhalla</Filter>
    </ClCompile>
    <ClCompile Include="src\valhalla\Assembler.cpp">
      <Filter>src\valhalla</Filter>
    </ClCompile>
    <ClCompile Include="src\valhalla\VM.cpp">
      <Filter>src\valhalla</Filter>
    </ClCompile>
  </ItemGroup>
  <ItemGroup>
    <ClInclude Include="src\valhalla\Display.h">
      <Filter>src\valhalla</Filter>
    </ClInclude>
    <ClInclude Include="src\data_types.h">
      <Filter>src</Filter>
    </ClInclude>
    <ClInclude Include="src\valhalla\Assembler.h">
      <Filter>src\valhalla</Filter>
    </ClInclude>
    <ClInclude Include="src\valhalla\instruction_definitions.h">
      <Filter>src\valhalla</Filter>
    </ClInclude>
    <ClInclude Include="src\valhalla\register_definitions.h">
      <Filter>src\valhalla</Filter>
    </ClInclude>
    <ClInclude Include="src\math.h">
      <Filter>src</Filter>
    </ClInclude>
    <ClInclude Include="src\valhalla\VM.h">
      <Filter>src\valhalla</Filter>
    </ClInclude>
  </ItemGroup>
</Project>